
Microsoft Visual Studio Solution File, Format Version 12.00
# Visual Studio Version 16
VisualStudioVersion = 16.0.36227.6
MinimumVisualStudioVersion = 10.0.40219.1
Project("{FAE04EC0-301F-11D3-BF4B-00C04F79EFBC}") = "ElectricityBillingSystem", "ElectricityBillingSystem\ElectricityBillingSystem.csproj", "{B278F35D-B270-4316-862B-58968B5A837C}"
EndProject
Global
	GlobalSection(SolutionConfigurationPlatforms) = preSolution
		Debug|Any CPU = Debug|Any CPU
		Release|Any CPU = Release|Any CPU
	EndGlobalSection
	GlobalSection(ProjectConfigurationPlatforms) = postSolution
		{B278F35D-B270-4316-862B-58968B5A837C}.Debug|Any CPU.ActiveCfg = Debug|Any CPU
		{B278F35D-B270-4316-862B-58968B5A837C}.Debug|Any CPU.Build.0 = Debug|Any CPU
		{B278F35D-B270-4316-862B-58968B5A837C}.Release|Any CPU.ActiveCfg = Release|Any CPU
		{B278F35D-B270-4316-862B-58968B5A837C}.Release|Any CPU.Build.0 = Release|Any CPU
	EndGlobalSection
	GlobalSection(SolutionProperties) = preSolution
		HideSolutionNode = FALSE
	EndGlobalSection
	GlobalSection(ExtensibilityGlobals) = postSolution
		SolutionGuid = {9C6EC26E-6138-4169-B11D-6CE4B1D45006}
	EndGlobalSection
EndGlobal
