
Microsoft Visual Studio Solution File, Format Version 12.00
# Visual Studio Version 16
VisualStudioVersion = 16.0.36227.6
MinimumVisualStudioVersion = 10.0.40219.1
Project("{FAE04EC0-301F-11D3-BF4B-00C04F79EFBC}") = "ADO_CodeChallenge", "ADO_CodeChallenge\ADO_CodeChallenge.csproj", "{223FF5BB-089D-43F9-97A3-F24B3FB9AAB8}"
EndProject
Global
	GlobalSection(SolutionConfigurationPlatforms) = preSolution
		Debug|Any CPU = Debug|Any CPU
		Release|Any CPU = Release|Any CPU
	EndGlobalSection
	GlobalSection(ProjectConfigurationPlatforms) = postSolution
		{223FF5BB-089D-43F9-97A3-F24B3FB9AAB8}.Debug|Any CPU.ActiveCfg = Debug|Any CPU
		{223FF5BB-089D-43F9-97A3-F24B3FB9AAB8}.Debug|Any CPU.Build.0 = Debug|Any CPU
		{223FF5BB-089D-43F9-97A3-F24B3FB9AAB8}.Release|Any CPU.ActiveCfg = Release|Any CPU
		{223FF5BB-089D-43F9-97A3-F24B3FB9AAB8}.Release|Any CPU.Build.0 = Release|Any CPU
	EndGlobalSection
	GlobalSection(SolutionProperties) = preSolution
		HideSolutionNode = FALSE
	EndGlobalSection
	GlobalSection(ExtensibilityGlobals) = postSolution
		SolutionGuid = {D8BDEB86-795C-4E54-964D-46C30C176C15}
	EndGlobalSection
EndGlobal
