
Microsoft Visual Studio Solution File, Format Version 12.00
# Visual Studio Version 16
VisualStudioVersion = 16.0.36128.20
MinimumVisualStudioVersion = 10.0.40219.1
Project("{FAE04EC0-301F-11D3-BF4B-00C04F79EFBC}") = "CodeChallenge4", "CodeChallenge4\CodeChallenge4.csproj", "{A6FF0BAF-0711-438B-B5F6-D608C860EBE5}"
EndProject
Global
	GlobalSection(SolutionConfigurationPlatforms) = preSolution
		Debug|Any CPU = Debug|Any CPU
		Release|Any CPU = Release|Any CPU
	EndGlobalSection
	GlobalSection(ProjectConfigurationPlatforms) = postSolution
		{A6FF0BAF-0711-438B-B5F6-D608C860EBE5}.Debug|Any CPU.ActiveCfg = Debug|Any CPU
		{A6FF0BAF-0711-438B-B5F6-D608C860EBE5}.Debug|Any CPU.Build.0 = Debug|Any CPU
		{A6FF0BAF-0711-438B-B5F6-D608C860EBE5}.Release|Any CPU.ActiveCfg = Release|Any CPU
		{A6FF0BAF-0711-438B-B5F6-D608C860EBE5}.Release|Any CPU.Build.0 = Release|Any CPU
	EndGlobalSection
	GlobalSection(SolutionProperties) = preSolution
		HideSolutionNode = FALSE
	EndGlobalSection
	GlobalSection(ExtensibilityGlobals) = postSolution
		SolutionGuid = {E2B8FD69-AFB7-4327-AAB3-CDF74532F2F8}
	EndGlobalSection
EndGlobal
