
Microsoft Visual Studio Solution File, Format Version 12.00
# Visual Studio Version 16
VisualStudioVersion = 16.0.36227.6
MinimumVisualStudioVersion = 10.0.40219.1
Project("{FAE04EC0-301F-11D3-BF4B-00C04F79EFBC}") = "ReservationSystem", "ReservationSystem\ReservationSystem.csproj", "{2F25865D-BBBB-4113-9C2E-C3E75F779F4E}"
EndProject
Global
	GlobalSection(SolutionConfigurationPlatforms) = preSolution
		Debug|Any CPU = Debug|Any CPU
		Release|Any CPU = Release|Any CPU
	EndGlobalSection
	GlobalSection(ProjectConfigurationPlatforms) = postSolution
		{2F25865D-BBBB-4113-9C2E-C3E75F779F4E}.Debug|Any CPU.ActiveCfg = Debug|Any CPU
		{2F25865D-BBBB-4113-9C2E-C3E75F779F4E}.Debug|Any CPU.Build.0 = Debug|Any CPU
		{2F25865D-BBBB-4113-9C2E-C3E75F779F4E}.Release|Any CPU.ActiveCfg = Release|Any CPU
		{2F25865D-BBBB-4113-9C2E-C3E75F779F4E}.Release|Any CPU.Build.0 = Release|Any CPU
	EndGlobalSection
	GlobalSection(SolutionProperties) = preSolution
		HideSolutionNode = FALSE
	EndGlobalSection
	GlobalSection(ExtensibilityGlobals) = postSolution
		SolutionGuid = {6CBF9301-1CB1-40B7-8812-AFC2729A0D98}
	EndGlobalSection
EndGlobal
